
Microsoft Visual Studio Solution File, Format Version 12.00
# Visual Studio Version 17
VisualStudioVersion = 17.4.33205.214
MinimumVisualStudioVersion = 10.0.40219.1
Project("{FAE04EC0-301F-11D3-BF4B-00C04F79EFBC}") = "SeleniumTest", "SeleniumTest\SeleniumTest.csproj", "{BE5A0B39-BA96-4F0B-9AC7-B8BE1796A89A}"
EndProject
Global
	GlobalSection(SolutionConfigurationPlatforms) = preSolution
		Debug|Any CPU = Debug|Any CPU
		Release|Any CPU = Release|Any CPU
	EndGlobalSection
	GlobalSection(ProjectConfigurationPlatforms) = postSolution
		{BE5A0B39-BA96-4F0B-9AC7-B8BE1796A89A}.Debug|Any CPU.ActiveCfg = Debug|Any CPU
		{BE5A0B39-BA96-4F0B-9AC7-B8BE1796A89A}.Debug|Any CPU.Build.0 = Debug|Any CPU
		{BE5A0B39-BA96-4F0B-9AC7-B8BE1796A89A}.Release|Any CPU.ActiveCfg = Release|Any CPU
		{BE5A0B39-BA96-4F0B-9AC7-B8BE1796A89A}.Release|Any CPU.Build.0 = Release|Any CPU
	EndGlobalSection
	GlobalSection(SolutionProperties) = preSolution
		HideSolutionNode = FALSE
	EndGlobalSection
	GlobalSection(ExtensibilityGlobals) = postSolution
		SolutionGuid = {075EAA99-258C-4C17-85B8-D57650CE7EC9}
	EndGlobalSection
EndGlobal
